---
lockfileVersion: '9.0'

importers:

  .:
    configDependencies: {}
    packageManagerDependencies:
      '@pnpm/exe':
        specifier: ^11.18.0
        version: 11.18.0
      pnpm:
        specifier: ^11.18.0
        version: 11.18.0

packages:

  '@pnpm/exe@11.18.0':
    resolution: {integrity: sha512-9aPgeTanPblPLGE0V+SSTFAEmN1aF0y3OE+iNUO/RW5oXoZfyPS34hSDDwDmVy8yokA/+EuwQZENMDxaaICysA==}
    hasBin: true

  '@pnpm/linux-arm64@11.18.0':
    resolution: {integrity: sha512-cWOEr5xbmURZpj2XZo/3pqsrtDTzqms8g27Z4ciB1+cdj3SF8APtzyC/zJkJ6+gTnRwS0rIValnulSwDDKiasA==}
    cpu: [arm64]
    os: [linux]

  '@pnpm/linux-x64@11.18.0':
    resolution: {integrity: sha512-9wgEko4X/jxDOpM+zcu5CcJtam2+nEvkuE1YRRALdEk4hwzJdjbCgl9xXKIVED19ZCYpAuF1zAtxiXcukxk3xA==}
    cpu: [x64]
    os: [linux]

  '@pnpm/linuxstatic-arm64@11.18.0':
    resolution: {integrity: sha512-4FJPL48jwvh+GvK13hMeqqsI+1tIIrm3iNMx2URM5UaFHJDvhj2SrBMgn2th9Lmgo7gH4RykxGiYyGJJRl+rjw==}
    cpu: [arm64]
    os: [linux]
    libc: [musl]

  '@pnpm/linuxstatic-x64@11.18.0':
    resolution: {integrity: sha512-nrP+OrT7BAyEno2xcaKZdOuY5kgkLQOiH7irBft2Q3/bLpEsidUscmWgtdGF2xahmfNx5FTzxwurX9zMLOId3g==}
    cpu: [x64]
    os: [linux]
    libc: [musl]

  '@pnpm/macos-arm64@11.18.0':
    resolution: {integrity: sha512-KTDxK6c21u78EeH55TjPKPvOUhh1qW5zSYLJasxnIBWVK8bxzGFBwuccvdbPlwgu7c6iGrXR4dAeVn3RRty/IA==}
    cpu: [arm64]
    os: [darwin]

  '@pnpm/win-arm64@11.18.0':
    resolution: {integrity: sha512-4EMrx19KBBDx0ufwlTUypDQMPIyQtaf85j7Y8HeHs2KeyF6pFnIhP2PbZH8YuO/JJ9Obb2AcK3T3wqyX6nQrhg==}
    cpu: [arm64]
    os: [win32]

  '@pnpm/win-x64@11.18.0':
    resolution: {integrity: sha512-uBeq9G2ArsVV6es+cAqP4DwiZaykNjC5nRBOOPLn28Tr5ZplqqSpoFi6kvgM7P/fz1/VCyKj2fsBMZOR8B5lpQ==}
    cpu: [x64]
    os: [win32]

  '@reflink/reflink-darwin-arm64@0.1.19':
    resolution: {integrity: sha512-ruy44Lpepdk1FqDz38vExBY/PVUsjxZA+chd9wozjUH9JjuDT/HEaQYA6wYN9mf041l0yLVar6BCZuWABJvHSA==}
    engines: {node: '>= 10'}
    cpu: [arm64]
    os: [darwin]

  '@reflink/reflink-darwin-x64@0.1.19':
    resolution: {integrity: sha512-By85MSWrMZa+c26TcnAy8SDk0sTUkYlNnwknSchkhHpGXOtjNDUOxJE9oByBnGbeuIE1PiQsxDG3Ud+IVV9yuA==}
    engines: {node: '>= 10'}
    cpu: [x64]
    os: [darwin]

  '@reflink/reflink-linux-arm64-gnu@0.1.19':
    resolution: {integrity: sha512-7P+er8+rP9iNeN+bfmccM4hTAaLP6PQJPKWSA4iSk2bNvo6KU6RyPgYeHxXmzNKzPVRcypZQTpFgstHam6maVg==}
    engines: {node: '>= 10'}
    cpu: [arm64]
    os: [linux]
    libc: [glibc]

  '@reflink/reflink-linux-arm64-musl@0.1.19':
    resolution: {integrity: sha512-37iO/Dp6m5DDaC2sf3zPtx/hl9FV3Xze4xoYidrxxS9bgP3S8ALroxRK6xBG/1TtfXKTvolvp+IjrUU6ujIGmA==}
    engines: {node: '>= 10'}
    cpu: [arm64]
    os: [linux]
    libc: [musl]

  '@reflink/reflink-linux-x64-gnu@0.1.19':
    resolution: {integrity: sha512-jbI8jvuYCaA3MVUdu8vLoLAFqC+iNMpiSuLbxlAgg7x3K5bsS8nOpTRnkLF7vISJ+rVR8W+7ThXlXlUQ93ulkw==}
    engines: {node: '>= 10'}
    cpu: [x64]
    os: [linux]
    libc: [glibc]

  '@reflink/reflink-linux-x64-musl@0.1.19':
    resolution: {integrity: sha512-e9FBWDe+lv7QKAwtKOt6A2W/fyy/aEEfr0g6j/hWzvQcrzHCsz07BNQYlNOjTfeytrtLU7k449H1PI95jA4OjQ==}
    engines: {node: '>= 10'}
    cpu: [x64]
    os: [linux]
    libc: [musl]

  '@reflink/reflink-win32-arm64-msvc@0.1.19':
    resolution: {integrity: sha512-09PxnVIQcd+UOn4WAW73WU6PXL7DwGS6wPlkMhMg2zlHHG65F3vHepOw06HFCq+N42qkaNAc8AKIabWvtk6cIQ==}
    engines: {node: '>= 10'}
    cpu: [arm64]
    os: [win32]

  '@reflink/reflink-win32-x64-msvc@0.1.19':
    resolution: {integrity: sha512-E//yT4ni2SyhwP8JRjVGWr3cbnhWDiPLgnQ66qqaanjjnMiu3O/2tjCPQXlcGc/DEYofpDc9fvhv6tALQsMV9w==}
    engines: {node: '>= 10'}
    cpu: [x64]
    os: [win32]

  '@reflink/reflink@0.1.19':
    resolution: {integrity: sha512-DmCG8GzysnCZ15bres3N5AHCmwBwYgp0As6xjhQ47rAUTUXxJiK+lLUxaGsX3hd/30qUpVElh05PbGuxRPgJwA==}
    engines: {node: '>= 10'}

  detect-libc@2.1.2:
    resolution: {integrity: sha512-Btj2BOOO83o3WyH59e8MgXsxEQVcarkUOpEYrubB0urwnN10yQ364rsiByU11nZlqWYZm05i/of7io4mzihBtQ==}
    engines: {node: '>=8'}

  pnpm@11.18.0:
    resolution: {integrity: sha512-M9g8d9qC9J+6g2klxvG4QRgewxMrZwY5vQEvcHX1x89jTF+HAUfBmq50ePrAHfCdiJLogEVIlu3SPumzN1dWPA==}
    engines: {node: '>=22.13'}
    hasBin: true

snapshots:

  '@pnpm/exe@11.18.0':
    dependencies:
      '@reflink/reflink': 0.1.19
      detect-libc: 2.1.2
    optionalDependencies:
      '@pnpm/linux-arm64': 11.18.0
      '@pnpm/linux-x64': 11.18.0
      '@pnpm/linuxstatic-arm64': 11.18.0
      '@pnpm/linuxstatic-x64': 11.18.0
      '@pnpm/macos-arm64': 11.18.0
      '@pnpm/win-arm64': 11.18.0
      '@pnpm/win-x64': 11.18.0

  '@pnpm/linux-arm64@11.18.0':
    optional: true

  '@pnpm/linux-x64@11.18.0':
    optional: true

  '@pnpm/linuxstatic-arm64@11.18.0':
    optional: true

  '@pnpm/linuxstatic-x64@11.18.0':
    optional: true

  '@pnpm/macos-arm64@11.18.0':
    optional: true

  '@pnpm/win-arm64@11.18.0':
    optional: true

  '@pnpm/win-x64@11.18.0':
    optional: true

  '@reflink/reflink-darwin-arm64@0.1.19':
    optional: true

  '@reflink/reflink-darwin-x64@0.1.19':
    optional: true

  '@reflink/reflink-linux-arm64-gnu@0.1.19':
    optional: true

  '@reflink/reflink-linux-arm64-musl@0.1.19':
    optional: true

  '@reflink/reflink-linux-x64-gnu@0.1.19':
    optional: true

  '@reflink/reflink-linux-x64-musl@0.1.19':
    optional: true

  '@reflink/reflink-win32-arm64-msvc@0.1.19':
    optional: true

  '@reflink/reflink-win32-x64-msvc@0.1.19':
    optional: true

  '@reflink/reflink@0.1.19':
    optionalDependencies:
      '@reflink/reflink-darwin-arm64': 0.1.19
      '@reflink/reflink-darwin-x64': 0.1.19
      '@reflink/reflink-linux-arm64-gnu': 0.1.19
      '@reflink/reflink-linux-arm64-musl': 0.1.19
      '@reflink/reflink-linux-x64-gnu': 0.1.19
      '@reflink/reflink-linux-x64-musl': 0.1.19
      '@reflink/reflink-win32-arm64-msvc': 0.1.19
      '@reflink/reflink-win32-x64-msvc': 0.1.19

  detect-libc@2.1.2: {}

  pnpm@11.18.0: {}

---
lockfileVersion: '9.0'

settings:
  autoInstallPeers: true
  excludeLinksFromLockfile: false

importers:

  .:
    devDependencies:
      '@keymanapp/kmc':
        specifier: ^18.0.249
        version: 18.0.249

packages:

  '@keymanapp/common-types@18.0.249':
    resolution: {integrity: sha512-W217+2CZMWcIQiXbB9EFWKNWZ+92JGqlmnHl3LFcf5GmoY/tHZDvZg5TXze+rXft7VhFYF+SQFWflkxUDaP+Yg==}

  '@keymanapp/developer-utils@18.0.249':
    resolution: {integrity: sha512-YyCzuHOrOhyzqvu4VuLDlyseKsqOPzq2By4Qw6BWElKC7lUYM+o+41SZu84OjUvO6V0MA3CAtwqS7AtfYLFrAg==}

  '@keymanapp/keyman-version@18.0.249':
    resolution: {integrity: sha512-+K/oLyoActRw2Ye8YKH7Yrud46y3S4PUXv3RxP5TdF0UIFR/Vdscm9BCjxgEwI0yeNXoUpGyZANAKM4IUGdJ8Q==}

  '@keymanapp/kmc-analyze@18.0.249':
    resolution: {integrity: sha512-AZvQFE5kFOQ0+yBhEA7I/usojWCJ2k8BveyO09paEAVvpXUI9wiZ6sElVzX+TAwDgBLLY2EShpBbLjGkOz3cGg==}

  '@keymanapp/kmc-copy@18.0.249':
    resolution: {integrity: sha512-ZW7dP49unYeOEQVEcLo2Kw8AHQ3EvqghDX8UAERzoT64uE6x1HegSvYPycxH3t9X1TB7ExjedXpWDyn1IOpTow==}

  '@keymanapp/kmc-generate@18.0.249':
    resolution: {integrity: sha512-8JoK/mUbCZDKcVGipHCOMzYDDmkPfqmbGfPcSfMwN2mND1v+tE+4pTWCibHAYlc69jUm/apGLuxWhoUqBz/jcw==}

  '@keymanapp/kmc-keyboard-info@18.0.249':
    resolution: {integrity: sha512-GWmJA18/Jwix1a3XEYR9dckwuK9SMpd1ZnQZBt0cfwJLLaKGWvhE5P3IEnwlT116jsByLp9dLC9/tSaV1yVR4w==}

  '@keymanapp/kmc-kmn@18.0.249':
    resolution: {integrity: sha512-sYrU1mf2VyEgmq2LMkEzgYtBnns/Cs24hSdVwU+oNp90NQ9SUeOVbIxWkst7jSFgqAR/wRe4XE+mtaw1Z5+fdQ==}

  '@keymanapp/kmc-ldml@18.0.249':
    resolution: {integrity: sha512-O5pmqahk3wa+Akh8wFnp9bRbr1FqDYsmbakRg8hTTy/EHf7n+ZKpoLcakYmpjcP6Lmmq5QYKXw8Z2H1mM8H4gQ==}

  '@keymanapp/kmc-model-info@18.0.249':
    resolution: {integrity: sha512-QQXOANTF0S5OA2RLnpNewxCFjUPqpJ82xplDTFKbfU+SWvs0aQydOYZsKaMMRIEZmPeSnSgTubP+BeLyPKl+tA==}

  '@keymanapp/kmc-model@18.0.249':
    resolution: {integrity: sha512-75KPuzR4/Iqs+drI+104YUnDcyiGtrEDC69H3XvJrkarWYUFeoIPjbmuMltviEoAIRGQ6/yFqECQj5iczZud5g==}

  '@keymanapp/kmc-package@18.0.249':
    resolution: {integrity: sha512-R4IxLguRHLTJKIiymsCFT8GGkqjOs9eLI8cGG9yP3BB4TpW1Uk0p37Vd6kVZy46cxechFNs8POKZFigvFy2/Jw==}

  '@keymanapp/kmc@18.0.249':
    resolution: {integrity: sha512-PVQTOVQP5GLXybYl3s0SJlTtBF5IqAOz3xYQaY+XKeX229jpY6xmy1SZA6ZsoXH0xPqBtEUG8Wa2t2MrLla8fQ==}
    hasBin: true

  '@keymanapp/langtags@18.0.249':
    resolution: {integrity: sha512-dWzT9r4lqBCvH1Ex9h1yV9/lnSl1Esv1kOnCf0vv6NWx+T2Yjyeayv26y9DVn3yn009+rrsBv3goeWfwlXHS2g==}

  '@keymanapp/ldml-keyboard-constants@18.0.249':
    resolution: {integrity: sha512-Xdu6Bsj82LeA6vxZdfrSZFJaY4Wka3a/41NfYAB+OVZ9ZevUXvaGtHrGH2s2zV50srapBqLWsUhn/9oYBoUV7g==}

  '@nodable/entities@3.0.0':
    resolution: {integrity: sha512-8L9xFeTYKhm49xfIypoe2W5wV1m/3Z58kT+7kR9A8OyFxcPduI4VmxaUMQyKYrRjUoLLSXv6EKKID5Tvj9cUVw==}

  '@sentry-internal/tracing@7.120.4':
    resolution: {integrity: sha512-Fz5+4XCg3akeoFK+K7g+d7HqGMjmnLoY2eJlpONJmaeT9pXY7yfUyXKZMmMajdE2LxxKJgQ2YKvSCaGVamTjHw==}
    engines: {node: '>=8'}

  '@sentry/core@7.120.4':
    resolution: {integrity: sha512-TXu3Q5kKiq8db9OXGkWyXUbIxMMuttB5vJ031yolOl5T/B69JRyAoKuojLBjRv1XX583gS1rSSoX8YXX7ATFGA==}
    engines: {node: '>=8'}

  '@sentry/integrations@7.120.4':
    resolution: {integrity: sha512-kkBTLk053XlhDCg7OkBQTIMF4puqFibeRO3E3YiVc4PGLnocXMaVpOSCkMqAc1k1kZ09UgGi8DxfQhnFEjUkpA==}
    engines: {node: '>=8'}

  '@sentry/node@7.120.4':
    resolution: {integrity: sha512-qq3wZAXXj2SRWhqErnGCSJKUhPSlZ+RGnCZjhfjHpP49KNpcd9YdPTIUsFMgeyjdh6Ew6aVCv23g1hTP0CHpYw==}
    engines: {node: '>=8'}

  '@sentry/types@7.120.4':
    resolution: {integrity: sha512-cUq2hSSe6/qrU6oZsEP4InMI5VVdD86aypE+ENrQ6eZEVLTCYm1w6XhW1NvIu3UuWh7gZec4a9J7AFpYxki88Q==}
    engines: {node: '>=8'}

  '@sentry/utils@7.120.4':
    resolution: {integrity: sha512-zCKpyDIWKHwtervNK2ZlaK8mMV7gVUijAgFeJStH+CU/imcdquizV3pFLlSQYRswG+Lbyd6CT/LGRh3IbtkCFw==}
    engines: {node: '>=8'}

  ansi-styles@3.2.1:
    resolution: {integrity: sha512-VT0ZI6kZRdTh8YyJw3SMbYm/u+NqfsAxEpWO0Pf9sq8/e94WxxOpPKx9FR1FlyCtOVDNOQ+8ntlqFxiRc+r5qA==}
    engines: {node: '>=4'}

  anynum@1.0.1:
    resolution: {integrity: sha512-N6//FLET/tXYNM/F6ABca1oH6fWB+KlTt909Le28WMDBk8oaT4vY17DCrwg2MvmuqUKt3Ni4N5dGJ/EoBgcO6A==}

  chalk@2.4.2:
    resolution: {integrity: sha512-Mti+f9lpJNcwF4tWV8/OrTTtF1gZi+f8FqlyAdouralcFWFQWF2+NgCHShjkCb+IFBLq9buZwE1xckQU4peSuQ==}
    engines: {node: '>=4'}

  color-convert@1.9.3:
    resolution: {integrity: sha512-QfAUtd+vFdAtFQcC8CCyYt1fYWxSqAiK2cSD6zDB8N3cpsEBAvRxp9zOGg6G/SHHJYAT88/az/IuDGALsNVbGg==}

  color-name@1.1.3:
    resolution: {integrity: sha512-72fSenhMw2HZMTVHeCA9KCmpEIbzWiQsjN+BHcBbS9vr1mtt+vJjPdksIBNUmKAW8TFUDPJK5SUU3QhE9NEXDw==}

  commander@10.0.1:
    resolution: {integrity: sha512-y4Mg2tXshplEbSGzx7amzPwKKOCGuoSRP/CjEdwwk0FOGlUbq6lKuoyDZTNZkmxHdJtp54hdfY/JUrdL7Xfdug==}
    engines: {node: '>=14'}

  core-util-is@1.0.3:
    resolution: {integrity: sha512-ZQBvi1DcpJ4GDqanjucZ2Hj3wEO5pZDS89BWbkcrvdxksJorwUDDZamX9ldFkp9aw2lmBDLgkObEA4DWNJ9FYQ==}

  escape-string-regexp@1.0.5:
    resolution: {integrity: sha512-vbRorB5FUQWvla16U8R/qgaFIya2qGzwDrNmCZuYKrbdSUMG6I1ZCGQRefkRVhuOkIGVne7BQ35DSfo1qvJqFg==}
    engines: {node: '>=0.8.0'}

  eventemitter3@5.0.4:
    resolution: {integrity: sha512-mlsTRyGaPBjPedk6Bvw+aqbsXDtoAyAzm5MO7JgU+yVRyMQ5O8bD4Kcci7BS85f93veegeCPkL8R4GLClnjLFw==}

  fast-xml-builder@1.3.0:
    resolution: {integrity: sha512-F74cZEdCvuw9P41GAC3rod4X04jjWGM1JPEv/GWSqFTWLsdyMSBMBMlm9Hk3GLBgLBbdBNY8yee0pQh2RBVESQ==}

  fast-xml-parser@5.10.1:
    resolution: {integrity: sha512-IEMIf7298kXuZSRFoGfMYrl7is8LpavODgbNz1cwIudv7KwVFnuU+UsMporfq6PD6aXSlawZlARiA3UywCTfMw==}
    hasBin: true

  has-flag@3.0.0:
    resolution: {integrity: sha512-sKJf1+ceQBr4SMkvQnBDNDtf4TXpVhVGateu0t918bl30FnbE2m4vNLX+VWe/dpjlb+HugGYzW7uQXH98HPEYw==}
    engines: {node: '>=4'}

  immediate@3.0.6:
    resolution: {integrity: sha512-XXOFtyqDjNDAQxVfYxuF7g9Il/IbWmmlQg2MYKOH8ExIT1qg6xc4zyS3HaEEATgs1btfzxq15ciUiY7gjSXRGQ==}

  inherits@2.0.4:
    resolution: {integrity: sha512-k/vGaX4/Yla3WzyMCvTQOXYeIHvqOKtnqBduzTHpzpQZzAskKMhZ2K+EnBiSM9zGSoIFeMpXKxa4dYeZIQqewQ==}

  is-unsafe@2.0.0:
    resolution: {integrity: sha512-2LdV822R+wmI86unXA93WCFpL6g+av8ynWk0nrHyJqGop5VoocYsSLFgN8jrfalT6iGeLNM4KXuVSsULP53kEA==}

  isarray@1.0.0:
    resolution: {integrity: sha512-VLghIWNM6ELQzo7zwmcg0NmTVyWKYjvIeM83yjp0wRDTmUnrM678fQbcKBo6n2CJEF0szoG//ytg+TKla89ALQ==}

  jszip@3.10.1:
    resolution: {integrity: sha512-xXDvecyTpGLrqFrvkrUSoxxfJI5AH7U8zxxtVclpsUtMCq4JQ290LY8AW5c7Ggnr/Y/oK+bQMbqK2qmtk3pN4g==}

  lie@3.1.1:
    resolution: {integrity: sha512-RiNhHysUjhrDQntfYSfY4MU24coXXdEOgw9WGcKHNeEwffDYbF//u87M1EWaMGzuFoSbqW0C9C6lEEhDOAswfw==}

  lie@3.3.0:
    resolution: {integrity: sha512-UaiMJzeWRlEujzAuw5LokY1L5ecNQYZKfmyZ9L7wDHb/p5etKaxXhohBcrw0EYby+G/NA52vRSN4N39dxHAIwQ==}

  localforage@1.10.0:
    resolution: {integrity: sha512-14/H1aX7hzBBmmh7sGPd+AOMkkIrHM3Z1PAyGgZigA1H1p5O5ANnMyWzvpAETtG68/dC4pC0ncy3+PPGzXZHPg==}

  marked@7.0.5:
    resolution: {integrity: sha512-lwNAFTfXgqpt/XvK17a/8wY9/q6fcSPZT1aP6QW0u74VwaJF/Z9KbRcX23sWE4tODM+AolJNcUtErTkgOeFP/Q==}
    engines: {node: '>= 16'}
    hasBin: true

  pako@1.0.11:
    resolution: {integrity: sha512-4hLB8Py4zZce5s4yd9XzopqwVv/yGNhV1Bl8NTmCq1763HeK2+EwVTv+leGeL13Dnh2wfbqowVPXCIO0z4taYw==}

  path-browserify@1.0.1:
    resolution: {integrity: sha512-b7uo2UCUOYZcnF/3ID0lulOJi/bafxa1xPe7ZPsammBSpjSWQkjNxlt635YGS2MiR9GjvuXCtz2emr3jbsz98g==}

  path-expression-matcher@1.6.2:
    resolution: {integrity: sha512-enSlaiat05iasnzmgNxRj8reFdj3puY2QpNgP1aPIaVfT6nn9ICuPoFlKHk8EN22HcwewshO+mN2DGbkCEOtqQ==}
    engines: {node: '>=14.0.0'}

  process-nextick-args@2.0.1:
    resolution: {integrity: sha512-3ouUOpQhtgrbOa17J7+uxOTpITYWaGP7/AhoR3+A+/1e9skrzelGi/dXzEYyvbxubEF6Wn2ypscTKiKJFFn1ag==}

  readable-stream@2.3.8:
    resolution: {integrity: sha512-8p0AUk4XODgIewSi0l8Epjs+EVnWiK7NoDIEGU0HhE7+ZyY8D1IMY7odu5lRrFXGg71L15KG8QrPmum45RTtdA==}

  restructure@3.0.1:
    resolution: {integrity: sha512-6neDpI/yE9eogQo22qmWwKIA9wFPRyYjQleDEh6zaNAf2ZPqLJYUvNBJBWEWNoBlCeQMQkvIOe2YI/K2GOag+g==}

  restructure@3.0.2:
    resolution: {integrity: sha512-gSfoiOEA0VPE6Tukkrr7I0RBdE0s7H1eFCDBk05l1KIQT1UIKNc5JZy6jdyW6eYH3aR3g5b3PuL77rq0hvwtAw==}

  safe-buffer@5.1.2:
    resolution: {integrity: sha512-Gd2UZBJDkXlY7GbJxfsE8/nvKkUEU1G38c1siN6QP6a9PT9MmHB8GnpscSmMJSoF8LOIrt8ud/wPtojys4G6+g==}

  sax@1.6.1:
    resolution: {integrity: sha512-42tBVwLWnaQvW5zc4HbZrTuWccECCZfBi92FDuwtqxasH+JbPB3/FOKb1m222K42R4WxuxzzMsTswfzgtSu64Q==}
    engines: {node: '>=11.0.0'}

  semver@7.8.5:
    resolution: {integrity: sha512-Y7/KDsb8LjooZpwaqGyulO6DQlksgCncchHGk+sZIY4SBvUocMBEFH5Ur1fI4dV+Jvl0w6cjvucaIi40puRioA==}
    engines: {node: '>=10'}
    hasBin: true

  setimmediate@1.0.5:
    resolution: {integrity: sha512-MATJdZp8sLqDl/68LfQmbP8zKPLQNV6BIZoIgrscFDQ+RsvK/BxeDQOgyxKKoh0y/8h3BqVFnCqQ/gd+reiIXA==}

  string_decoder@1.1.1:
    resolution: {integrity: sha512-n/ShnvDi6FHbbVfviro+WojiFzv+s8MPMHBczVePfUpDJLwoLT0ht1l4YwBCbi8pJAveEEdnkHyPyTP/mzRfwg==}

  strnum@2.4.1:
    resolution: {integrity: sha512-M9eUSMT2dCB2cTNPG7UYj6KuK7RJR2SN2+yCV/fTW3xzTCS6EaGZ5pSMgDIjB7r8zSfTGk+dvvn9rTjpVS9Mwg==}

  supports-color@5.5.0:
    resolution: {integrity: sha512-QjVjwdXIt408MIiAqCX4oUKsgU2EqAGzs2Ppkm4aQYbjm+ZEWEcW4SfFNTr4uMNZma0ey4f5lgLrkB0aX0QMow==}
    engines: {node: '>=4'}

  supports-color@9.4.0:
    resolution: {integrity: sha512-VL+lNrEoIXww1coLPOmiEmK/0sGigko5COxI09KzHc2VJXJsQ37UaQ+8quuxjDeA7+KnLGTWRyOXSLLR2Wb4jw==}
    engines: {node: '>=12'}

  typescript@5.9.3:
    resolution: {integrity: sha512-jl1vZzPDinLr9eUt3J/t7V6FgNEw9QjvBPdysz9KfQDD41fQrC2Y4vKQdiaUpFT4bXlb1RHhLpp8wtm6M5TgSw==}
    engines: {node: '>=14.17'}
    hasBin: true

  util-deprecate@1.0.2:
    resolution: {integrity: sha512-EPD5q1uXyFxJpCrLnCc1nHnq3gOa6DZBocAIiI2TaSCA7VCJ1UJDMagCzIkXNsUYfD1daK//LTEQ8xiIbrHtcw==}

  xml-naming@0.3.0:
    resolution: {integrity: sha512-ghig2TBE/H11aOVgmahA3MhimvkBr6JIYknH/Dhdk10nXwdbIqBJsbfMxpvFPG8bAw77gN29aQWvKpmVoPlvPQ==}
    engines: {node: '>=16.0.0'}

  xmlbuilder@11.0.1:
    resolution: {integrity: sha512-fDlsI/kFEx7gLvbecc0/ohLG50fugQp8ryHzMTuW9vSa1GJ0XYWKnhsUx7oie3G98+r56aTQIUB4kht42R3JvA==}
    engines: {node: '>=4.0'}

snapshots:

  '@keymanapp/common-types@18.0.249':
    dependencies:
      '@keymanapp/keyman-version': 18.0.249
      '@keymanapp/ldml-keyboard-constants': 18.0.249
      restructure: 3.0.1

  '@keymanapp/developer-utils@18.0.249':
    dependencies:
      '@keymanapp/common-types': 18.0.249
      '@sentry/node': 7.120.4
      eventemitter3: 5.0.4
      fast-xml-parser: 5.10.1
      path-browserify: 1.0.1
      restructure: 3.0.2
      sax: 1.6.1
      semver: 7.8.5
      xmlbuilder: 11.0.1

  '@keymanapp/keyman-version@18.0.249': {}

  '@keymanapp/kmc-analyze@18.0.249':
    dependencies:
      '@keymanapp/common-types': 18.0.249
      '@keymanapp/developer-utils': 18.0.249
      '@keymanapp/kmc-kmn': 18.0.249

  '@keymanapp/kmc-copy@18.0.249':
    dependencies:
      '@keymanapp/common-types': 18.0.249
      '@keymanapp/developer-utils': 18.0.249
      '@keymanapp/keyman-version': 18.0.249

  '@keymanapp/kmc-generate@18.0.249':
    dependencies:
      '@keymanapp/common-types': 18.0.249
      '@keymanapp/developer-utils': 18.0.249
      '@keymanapp/keyman-version': 18.0.249
      '@keymanapp/langtags': 18.0.249

  '@keymanapp/kmc-keyboard-info@18.0.249':
    dependencies:
      '@keymanapp/common-types': 18.0.249
      '@keymanapp/developer-utils': 18.0.249
      '@keymanapp/kmc-package': 18.0.249
      '@keymanapp/langtags': 18.0.249

  '@keymanapp/kmc-kmn@18.0.249':
    dependencies:
      '@keymanapp/common-types': 18.0.249
      '@keymanapp/developer-utils': 18.0.249
      '@keymanapp/keyman-version': 18.0.249

  '@keymanapp/kmc-ldml@18.0.249':
    dependencies:
      '@keymanapp/developer-utils': 18.0.249
      '@keymanapp/keyman-version': 18.0.249
      '@keymanapp/kmc-kmn': 18.0.249
      '@keymanapp/ldml-keyboard-constants': 18.0.249
      semver: 7.8.5

  '@keymanapp/kmc-model-info@18.0.249':
    dependencies:
      '@keymanapp/common-types': 18.0.249
      '@keymanapp/developer-utils': 18.0.249

  '@keymanapp/kmc-model@18.0.249':
    dependencies:
      '@keymanapp/common-types': 18.0.249
      '@keymanapp/keyman-version': 18.0.249
      typescript: 5.9.3

  '@keymanapp/kmc-package@18.0.249':
    dependencies:
      '@keymanapp/common-types': 18.0.249
      '@keymanapp/developer-utils': 18.0.249
      jszip: 3.10.1
      marked: 7.0.5

  '@keymanapp/kmc@18.0.249':
    dependencies:
      '@keymanapp/common-types': 18.0.249
      '@keymanapp/developer-utils': 18.0.249
      '@keymanapp/keyman-version': 18.0.249
      '@keymanapp/kmc-analyze': 18.0.249
      '@keymanapp/kmc-copy': 18.0.249
      '@keymanapp/kmc-generate': 18.0.249
      '@keymanapp/kmc-keyboard-info': 18.0.249
      '@keymanapp/kmc-kmn': 18.0.249
      '@keymanapp/kmc-ldml': 18.0.249
      '@keymanapp/kmc-model': 18.0.249
      '@keymanapp/kmc-model-info': 18.0.249
      '@keymanapp/kmc-package': 18.0.249
      '@sentry/node': 7.120.4
      chalk: 2.4.2
      commander: 10.0.1
      supports-color: 9.4.0

  '@keymanapp/langtags@18.0.249': {}

  '@keymanapp/ldml-keyboard-constants@18.0.249': {}

  '@nodable/entities@3.0.0': {}

  '@sentry-internal/tracing@7.120.4':
    dependencies:
      '@sentry/core': 7.120.4
      '@sentry/types': 7.120.4
      '@sentry/utils': 7.120.4

  '@sentry/core@7.120.4':
    dependencies:
      '@sentry/types': 7.120.4
      '@sentry/utils': 7.120.4

  '@sentry/integrations@7.120.4':
    dependencies:
      '@sentry/core': 7.120.4
      '@sentry/types': 7.120.4
      '@sentry/utils': 7.120.4
      localforage: 1.10.0

  '@sentry/node@7.120.4':
    dependencies:
      '@sentry-internal/tracing': 7.120.4
      '@sentry/core': 7.120.4
      '@sentry/integrations': 7.120.4
      '@sentry/types': 7.120.4
      '@sentry/utils': 7.120.4

  '@sentry/types@7.120.4': {}

  '@sentry/utils@7.120.4':
    dependencies:
      '@sentry/types': 7.120.4

  ansi-styles@3.2.1:
    dependencies:
      color-convert: 1.9.3

  anynum@1.0.1: {}

  chalk@2.4.2:
    dependencies:
      ansi-styles: 3.2.1
      escape-string-regexp: 1.0.5
      supports-color: 5.5.0

  color-convert@1.9.3:
    dependencies:
      color-name: 1.1.3

  color-name@1.1.3: {}

  commander@10.0.1: {}

  core-util-is@1.0.3: {}

  escape-string-regexp@1.0.5: {}

  eventemitter3@5.0.4: {}

  fast-xml-builder@1.3.0:
    dependencies:
      path-expression-matcher: 1.6.2
      xml-naming: 0.3.0

  fast-xml-parser@5.10.1:
    dependencies:
      '@nodable/entities': 3.0.0
      fast-xml-builder: 1.3.0
      is-unsafe: 2.0.0
      path-expression-matcher: 1.6.2
      strnum: 2.4.1
      xml-naming: 0.3.0

  has-flag@3.0.0: {}

  immediate@3.0.6: {}

  inherits@2.0.4: {}

  is-unsafe@2.0.0: {}

  isarray@1.0.0: {}

  jszip@3.10.1:
    dependencies:
      lie: 3.3.0
      pako: 1.0.11
      readable-stream: 2.3.8
      setimmediate: 1.0.5

  lie@3.1.1:
    dependencies:
      immediate: 3.0.6

  lie@3.3.0:
    dependencies:
      immediate: 3.0.6

  localforage@1.10.0:
    dependencies:
      lie: 3.1.1

  marked@7.0.5: {}

  pako@1.0.11: {}

  path-browserify@1.0.1: {}

  path-expression-matcher@1.6.2: {}

  process-nextick-args@2.0.1: {}

  readable-stream@2.3.8:
    dependencies:
      core-util-is: 1.0.3
      inherits: 2.0.4
      isarray: 1.0.0
      process-nextick-args: 2.0.1
      safe-buffer: 5.1.2
      string_decoder: 1.1.1
      util-deprecate: 1.0.2

  restructure@3.0.1: {}

  restructure@3.0.2: {}

  safe-buffer@5.1.2: {}

  sax@1.6.1: {}

  semver@7.8.5: {}

  setimmediate@1.0.5: {}

  string_decoder@1.1.1:
    dependencies:
      safe-buffer: 5.1.2

  strnum@2.4.1:
    dependencies:
      anynum: 1.0.1

  supports-color@5.5.0:
    dependencies:
      has-flag: 3.0.0

  supports-color@9.4.0: {}

  typescript@5.9.3: {}

  util-deprecate@1.0.2: {}

  xml-naming@0.3.0: {}

  xmlbuilder@11.0.1: {}
